
Microsoft Visual Studio Solution File, Format Version 12.00
# Visual Studio 14
VisualStudioVersion = 14.0.23107.0
MinimumVisualStudioVersion = 10.0.40219.1
Project("{E24C65DC-7377-472B-9ABA-BC803B73C61A}") = "Booths Web Files", "..\..\..\Booths Web Files\", "{02C3801B-1CEF-4A60-B627-19D5D729C7A2}"
	ProjectSection(WebsiteProperties) = preProject
		TargetFrameworkMoniker = ".NETFramework,Version%3Dv4.0"
		Debug.AspNetCompiler.VirtualPath = "/localhost_52444"
		Debug.AspNetCompiler.PhysicalPath = "..\..\..\Booths Web Files\"
		Debug.AspNetCompiler.TargetPath = "PrecompiledWeb\localhost_52444\"
		Debug.AspNetCompiler.Updateable = "true"
		Debug.AspNetCompiler.ForceOverwrite = "true"
		Debug.AspNetCompiler.FixedNames = "false"
		Debug.AspNetCompiler.Debug = "True"
		Release.AspNetCompiler.VirtualPath = "/localhost_52444"
		Release.AspNetCompiler.PhysicalPath = "..\..\..\Booths Web Files\"
		Release.AspNetCompiler.TargetPath = "PrecompiledWeb\localhost_52444\"
		Release.AspNetCompiler.Updateable = "true"
		Release.AspNetCompiler.ForceOverwrite = "true"
		Release.AspNetCompiler.FixedNames = "false"
		Release.AspNetCompiler.Debug = "False"
		VWDPort = "52444"
		SlnRelativePath = "..\..\..\Booths Web Files\"
	EndProjectSection
EndProject
Global
	GlobalSection(SolutionConfigurationPlatforms) = preSolution
		Debug|Any CPU = Debug|Any CPU
	EndGlobalSection
	GlobalSection(ProjectConfigurationPlatforms) = postSolution
		{02C3801B-1CEF-4A60-B627-19D5D729C7A2}.Debug|Any CPU.ActiveCfg = Debug|Any CPU
		{02C3801B-1CEF-4A60-B627-19D5D729C7A2}.Debug|Any CPU.Build.0 = Debug|Any CPU
	EndGlobalSection
	GlobalSection(SolutionProperties) = preSolution
		HideSolutionNode = FALSE
	EndGlobalSection
EndGlobal
